// !$*UTF8*$!
{
	archiveVersion = 1;
	classes = {
	};
	objectVersion = 50;
	objects = {

/* Begin PBXBuildFile section */
		C41842662216233800FC21A0 /* Beacon.framework in Frameworks */ = {isa = PBXBuildFile; fileRef = C418425D2216233700FC21A0 /* Beacon.framework */; };
		C418426D2216233800FC21A0 /* Beacon.h in Headers */ = {isa = PBXBuildFile; fileRef = C418425F2216233800FC21A0 /* Beacon.h */; settings = {ATTRIBUTES = (Public, ); }; };
		C41842902216241600FC21A0 /* Beacon.framework in Frameworks */ = {isa = PBXBuildFile; fileRef = C41842872216241400FC21A0 /* Beacon.framework */; };
		C418429E2216243800FC21A0 /* Beacon.swift in Sources */ = {isa = PBXBuildFile; fileRef = C41841F42213F25B00FC21A0 /* Beacon.swift */; };
		C418429F2216243900FC21A0 /* Beacon.swift in Sources */ = {isa = PBXBuildFile; fileRef = C41841F42213F25B00FC21A0 /* Beacon.swift */; };
		C41842A12216243A00FC21A0 /* Beacon.swift in Sources */ = {isa = PBXBuildFile; fileRef = C41841F42213F25B00FC21A0 /* Beacon.swift */; };
		C41842A22216243B00FC21A0 /* Beacon.swift in Sources */ = {isa = PBXBuildFile; fileRef = C41841F42213F25B00FC21A0 /* Beacon.swift */; };
		C41842A32216243F00FC21A0 /* Signal.swift in Sources */ = {isa = PBXBuildFile; fileRef = C41841F52213F25F00FC21A0 /* Signal.swift */; };
		C41842A42216244000FC21A0 /* Signal.swift in Sources */ = {isa = PBXBuildFile; fileRef = C41841F52213F25F00FC21A0 /* Signal.swift */; };
		C41842A62216244100FC21A0 /* Signal.swift in Sources */ = {isa = PBXBuildFile; fileRef = C41841F52213F25F00FC21A0 /* Signal.swift */; };
		C41842A72216244200FC21A0 /* Signal.swift in Sources */ = {isa = PBXBuildFile; fileRef = C41841F52213F25F00FC21A0 /* Signal.swift */; };
		C41842A82216244600FC21A0 /* Signaling.swift in Sources */ = {isa = PBXBuildFile; fileRef = C41841F62213F26300FC21A0 /* Signaling.swift */; };
		C41842A92216244700FC21A0 /* Signaling.swift in Sources */ = {isa = PBXBuildFile; fileRef = C41841F62213F26300FC21A0 /* Signaling.swift */; };
		C41842AB2216244800FC21A0 /* Signaling.swift in Sources */ = {isa = PBXBuildFile; fileRef = C41841F62213F26300FC21A0 /* Signaling.swift */; };
		C41842AC2216244800FC21A0 /* Signaling.swift in Sources */ = {isa = PBXBuildFile; fileRef = C41841F62213F26300FC21A0 /* Signaling.swift */; };
		C41842AD2216245100FC21A0 /* SignalLogger.swift in Sources */ = {isa = PBXBuildFile; fileRef = C41841F82213F27900FC21A0 /* SignalLogger.swift */; };
		C41842AE2216245100FC21A0 /* MemoryLogger.swift in Sources */ = {isa = PBXBuildFile; fileRef = C41841F92213F27D00FC21A0 /* MemoryLogger.swift */; };
		C41842AF2216245100FC21A0 /* ConsoleLogger.swift in Sources */ = {isa = PBXBuildFile; fileRef = C41841FA2213F28100FC21A0 /* ConsoleLogger.swift */; };
		C41842B02216245100FC21A0 /* ContextSignal.swift in Sources */ = {isa = PBXBuildFile; fileRef = C41841FD2213F29600FC21A0 /* ContextSignal.swift */; };
		C41842B12216245100FC21A0 /* ErrorSignal.swift in Sources */ = {isa = PBXBuildFile; fileRef = C41841FC2213F29200FC21A0 /* ErrorSignal.swift */; };
		C41842B22216245100FC21A0 /* WrapperSignal.swift in Sources */ = {isa = PBXBuildFile; fileRef = C41841FE2213F29A00FC21A0 /* WrapperSignal.swift */; };
		C41842B32216245200FC21A0 /* SignalLogger.swift in Sources */ = {isa = PBXBuildFile; fileRef = C41841F82213F27900FC21A0 /* SignalLogger.swift */; };
		C41842B42216245200FC21A0 /* MemoryLogger.swift in Sources */ = {isa = PBXBuildFile; fileRef = C41841F92213F27D00FC21A0 /* MemoryLogger.swift */; };
		C41842B52216245200FC21A0 /* ConsoleLogger.swift in Sources */ = {isa = PBXBuildFile; fileRef = C41841FA2213F28100FC21A0 /* ConsoleLogger.swift */; };
		C41842B62216245200FC21A0 /* ContextSignal.swift in Sources */ = {isa = PBXBuildFile; fileRef = C41841FD2213F29600FC21A0 /* ContextSignal.swift */; };
		C41842B72216245200FC21A0 /* ErrorSignal.swift in Sources */ = {isa = PBXBuildFile; fileRef = C41841FC2213F29200FC21A0 /* ErrorSignal.swift */; };
		C41842B82216245200FC21A0 /* WrapperSignal.swift in Sources */ = {isa = PBXBuildFile; fileRef = C41841FE2213F29A00FC21A0 /* WrapperSignal.swift */; };
		C41842BF2216245300FC21A0 /* SignalLogger.swift in Sources */ = {isa = PBXBuildFile; fileRef = C41841F82213F27900FC21A0 /* SignalLogger.swift */; };
		C41842C02216245300FC21A0 /* MemoryLogger.swift in Sources */ = {isa = PBXBuildFile; fileRef = C41841F92213F27D00FC21A0 /* MemoryLogger.swift */; };
		C41842C12216245300FC21A0 /* ConsoleLogger.swift in Sources */ = {isa = PBXBuildFile; fileRef = C41841FA2213F28100FC21A0 /* ConsoleLogger.swift */; };
		C41842C22216245300FC21A0 /* ContextSignal.swift in Sources */ = {isa = PBXBuildFile; fileRef = C41841FD2213F29600FC21A0 /* ContextSignal.swift */; };
		C41842C32216245300FC21A0 /* ErrorSignal.swift in Sources */ = {isa = PBXBuildFile; fileRef = C41841FC2213F29200FC21A0 /* ErrorSignal.swift */; };
		C41842C42216245300FC21A0 /* WrapperSignal.swift in Sources */ = {isa = PBXBuildFile; fileRef = C41841FE2213F29A00FC21A0 /* WrapperSignal.swift */; };
		C41842C52216245400FC21A0 /* SignalLogger.swift in Sources */ = {isa = PBXBuildFile; fileRef = C41841F82213F27900FC21A0 /* SignalLogger.swift */; };
		C41842C62216245400FC21A0 /* MemoryLogger.swift in Sources */ = {isa = PBXBuildFile; fileRef = C41841F92213F27D00FC21A0 /* MemoryLogger.swift */; };
		C41842C72216245400FC21A0 /* ConsoleLogger.swift in Sources */ = {isa = PBXBuildFile; fileRef = C41841FA2213F28100FC21A0 /* ConsoleLogger.swift */; };
		C41842C82216245400FC21A0 /* ContextSignal.swift in Sources */ = {isa = PBXBuildFile; fileRef = C41841FD2213F29600FC21A0 /* ContextSignal.swift */; };
		C41842C92216245400FC21A0 /* ErrorSignal.swift in Sources */ = {isa = PBXBuildFile; fileRef = C41841FC2213F29200FC21A0 /* ErrorSignal.swift */; };
		C41842CA2216245400FC21A0 /* WrapperSignal.swift in Sources */ = {isa = PBXBuildFile; fileRef = C41841FE2213F29A00FC21A0 /* WrapperSignal.swift */; };
		C41842CB2216247300FC21A0 /* SignalTest.swift in Sources */ = {isa = PBXBuildFile; fileRef = C41842092213F2E200FC21A0 /* SignalTest.swift */; };
		C41842CC2216247400FC21A0 /* SignalTest.swift in Sources */ = {isa = PBXBuildFile; fileRef = C41842092213F2E200FC21A0 /* SignalTest.swift */; };
		C41842F72216255700FC21A0 /* Beacon.framework in Frameworks */ = {isa = PBXBuildFile; fileRef = C41842EE2216255700FC21A0 /* Beacon.framework */; };
		C41843122216275600FC21A0 /* SignalTest.swift in Sources */ = {isa = PBXBuildFile; fileRef = C41842092213F2E200FC21A0 /* SignalTest.swift */; };
		C41843132216277000FC21A0 /* Beacon.swift in Sources */ = {isa = PBXBuildFile; fileRef = C41841F42213F25B00FC21A0 /* Beacon.swift */; };
		C41843142216277000FC21A0 /* Signal.swift in Sources */ = {isa = PBXBuildFile; fileRef = C41841F52213F25F00FC21A0 /* Signal.swift */; };
		C41843152216277000FC21A0 /* Signaling.swift in Sources */ = {isa = PBXBuildFile; fileRef = C41841F62213F26300FC21A0 /* Signaling.swift */; };
		C41843162216277000FC21A0 /* SignalLogger.swift in Sources */ = {isa = PBXBuildFile; fileRef = C41841F82213F27900FC21A0 /* SignalLogger.swift */; };
		C41843172216277000FC21A0 /* MemoryLogger.swift in Sources */ = {isa = PBXBuildFile; fileRef = C41841F92213F27D00FC21A0 /* MemoryLogger.swift */; };
		C41843182216277000FC21A0 /* ConsoleLogger.swift in Sources */ = {isa = PBXBuildFile; fileRef = C41841FA2213F28100FC21A0 /* ConsoleLogger.swift */; };
		C41843192216277000FC21A0 /* ContextSignal.swift in Sources */ = {isa = PBXBuildFile; fileRef = C41841FD2213F29600FC21A0 /* ContextSignal.swift */; };
		C418431A2216277000FC21A0 /* ErrorSignal.swift in Sources */ = {isa = PBXBuildFile; fileRef = C41841FC2213F29200FC21A0 /* ErrorSignal.swift */; };
		C418431B2216277000FC21A0 /* WrapperSignal.swift in Sources */ = {isa = PBXBuildFile; fileRef = C41841FE2213F29A00FC21A0 /* WrapperSignal.swift */; };
		C418431C2216277000FC21A0 /* Beacon.swift in Sources */ = {isa = PBXBuildFile; fileRef = C41841F42213F25B00FC21A0 /* Beacon.swift */; };
		C418431D2216277000FC21A0 /* Signal.swift in Sources */ = {isa = PBXBuildFile; fileRef = C41841F52213F25F00FC21A0 /* Signal.swift */; };
		C418431E2216277000FC21A0 /* Signaling.swift in Sources */ = {isa = PBXBuildFile; fileRef = C41841F62213F26300FC21A0 /* Signaling.swift */; };
		C418431F2216277000FC21A0 /* SignalLogger.swift in Sources */ = {isa = PBXBuildFile; fileRef = C41841F82213F27900FC21A0 /* SignalLogger.swift */; };
		C41843202216277000FC21A0 /* MemoryLogger.swift in Sources */ = {isa = PBXBuildFile; fileRef = C41841F92213F27D00FC21A0 /* MemoryLogger.swift */; };
		C41843212216277000FC21A0 /* ConsoleLogger.swift in Sources */ = {isa = PBXBuildFile; fileRef = C41841FA2213F28100FC21A0 /* ConsoleLogger.swift */; };
		C41843222216277000FC21A0 /* ContextSignal.swift in Sources */ = {isa = PBXBuildFile; fileRef = C41841FD2213F29600FC21A0 /* ContextSignal.swift */; };
		C41843232216277000FC21A0 /* ErrorSignal.swift in Sources */ = {isa = PBXBuildFile; fileRef = C41841FC2213F29200FC21A0 /* ErrorSignal.swift */; };
		C41843242216277000FC21A0 /* WrapperSignal.swift in Sources */ = {isa = PBXBuildFile; fileRef = C41841FE2213F29A00FC21A0 /* WrapperSignal.swift */; };
		C41843252216277100FC21A0 /* Beacon.swift in Sources */ = {isa = PBXBuildFile; fileRef = C41841F42213F25B00FC21A0 /* Beacon.swift */; };
		C41843262216277100FC21A0 /* Signal.swift in Sources */ = {isa = PBXBuildFile; fileRef = C41841F52213F25F00FC21A0 /* Signal.swift */; };
		C41843272216277100FC21A0 /* Signaling.swift in Sources */ = {isa = PBXBuildFile; fileRef = C41841F62213F26300FC21A0 /* Signaling.swift */; };
		C41843282216277100FC21A0 /* SignalLogger.swift in Sources */ = {isa = PBXBuildFile; fileRef = C41841F82213F27900FC21A0 /* SignalLogger.swift */; };
		C41843292216277100FC21A0 /* MemoryLogger.swift in Sources */ = {isa = PBXBuildFile; fileRef = C41841F92213F27D00FC21A0 /* MemoryLogger.swift */; };
		C418432A2216277100FC21A0 /* ConsoleLogger.swift in Sources */ = {isa = PBXBuildFile; fileRef = C41841FA2213F28100FC21A0 /* ConsoleLogger.swift */; };
		C418432B2216277100FC21A0 /* ContextSignal.swift in Sources */ = {isa = PBXBuildFile; fileRef = C41841FD2213F29600FC21A0 /* ContextSignal.swift */; };
		C418432C2216277100FC21A0 /* ErrorSignal.swift in Sources */ = {isa = PBXBuildFile; fileRef = C41841FC2213F29200FC21A0 /* ErrorSignal.swift */; };
		C418432D2216277100FC21A0 /* WrapperSignal.swift in Sources */ = {isa = PBXBuildFile; fileRef = C41841FE2213F29A00FC21A0 /* WrapperSignal.swift */; };
		C418434922167E3500FC21A0 /* BeaconTest.swift in Sources */ = {isa = PBXBuildFile; fileRef = C418434822167E3500FC21A0 /* BeaconTest.swift */; };
		C418434A22167E3500FC21A0 /* BeaconTest.swift in Sources */ = {isa = PBXBuildFile; fileRef = C418434822167E3500FC21A0 /* BeaconTest.swift */; };
		C418434B22167E3500FC21A0 /* BeaconTest.swift in Sources */ = {isa = PBXBuildFile; fileRef = C418434822167E3500FC21A0 /* BeaconTest.swift */; };
		C418434E22168B0300FC21A0 /* Notification+Signal.swift in Sources */ = {isa = PBXBuildFile; fileRef = C418434D22168B0300FC21A0 /* Notification+Signal.swift */; };
		C418434F22168B0300FC21A0 /* Notification+Signal.swift in Sources */ = {isa = PBXBuildFile; fileRef = C418434D22168B0300FC21A0 /* Notification+Signal.swift */; };
		C418435022168B0300FC21A0 /* Notification+Signal.swift in Sources */ = {isa = PBXBuildFile; fileRef = C418434D22168B0300FC21A0 /* Notification+Signal.swift */; };
		C418435122168B0300FC21A0 /* Notification+Signal.swift in Sources */ = {isa = PBXBuildFile; fileRef = C418434D22168B0300FC21A0 /* Notification+Signal.swift */; };
		C418435222168B0300FC21A0 /* Notification+Signal.swift in Sources */ = {isa = PBXBuildFile; fileRef = C418434D22168B0300FC21A0 /* Notification+Signal.swift */; };
		C418435322168B0300FC21A0 /* Notification+Signal.swift in Sources */ = {isa = PBXBuildFile; fileRef = C418434D22168B0300FC21A0 /* Notification+Signal.swift */; };
		C418435422168B0300FC21A0 /* Notification+Signal.swift in Sources */ = {isa = PBXBuildFile; fileRef = C418434D22168B0300FC21A0 /* Notification+Signal.swift */; };
		C46980922223ADB8003C5030 /* Signaling.m in Sources */ = {isa = PBXBuildFile; fileRef = C469808D2223ADB8003C5030 /* Signaling.m */; };
		C46980932223ADB8003C5030 /* Signaling.m in Sources */ = {isa = PBXBuildFile; fileRef = C469808D2223ADB8003C5030 /* Signaling.m */; };
		C46980942223ADB8003C5030 /* Signaling.m in Sources */ = {isa = PBXBuildFile; fileRef = C469808D2223ADB8003C5030 /* Signaling.m */; };
		C46980952223ADB8003C5030 /* Signaling.m in Sources */ = {isa = PBXBuildFile; fileRef = C469808D2223ADB8003C5030 /* Signaling.m */; };
		C46980962223C936003C5030 /* Beacon.h in Headers */ = {isa = PBXBuildFile; fileRef = C418425F2216233800FC21A0 /* Beacon.h */; settings = {ATTRIBUTES = (Public, ); }; };
		C46980972223C937003C5030 /* Beacon.h in Headers */ = {isa = PBXBuildFile; fileRef = C418425F2216233800FC21A0 /* Beacon.h */; settings = {ATTRIBUTES = (Public, ); }; };
		C46980982223C938003C5030 /* Beacon.h in Headers */ = {isa = PBXBuildFile; fileRef = C418425F2216233800FC21A0 /* Beacon.h */; settings = {ATTRIBUTES = (Public, ); }; };
		C46980992223CE5C003C5030 /* Signaling.h in Headers */ = {isa = PBXBuildFile; fileRef = C469808C2223ADB8003C5030 /* Signaling.h */; settings = {ATTRIBUTES = (Public, ); }; };
		C469809A2223CE5D003C5030 /* Signaling.h in Headers */ = {isa = PBXBuildFile; fileRef = C469808C2223ADB8003C5030 /* Signaling.h */; settings = {ATTRIBUTES = (Public, ); }; };
		C469809B2223CE61003C5030 /* Signaling.h in Headers */ = {isa = PBXBuildFile; fileRef = C469808C2223ADB8003C5030 /* Signaling.h */; settings = {ATTRIBUTES = (Public, ); }; };
		C469809C2223CE61003C5030 /* Signaling.h in Headers */ = {isa = PBXBuildFile; fileRef = C469808C2223ADB8003C5030 /* Signaling.h */; settings = {ATTRIBUTES = (Public, ); }; };
		C469809E22250CEA003C5030 /* SignalLoggerTest.swift in Sources */ = {isa = PBXBuildFile; fileRef = C469809D22250CEA003C5030 /* SignalLoggerTest.swift */; };
		C469809F22250CEB003C5030 /* SignalLoggerTest.swift in Sources */ = {isa = PBXBuildFile; fileRef = C469809D22250CEA003C5030 /* SignalLoggerTest.swift */; };
		C46980A022250CEB003C5030 /* SignalLoggerTest.swift in Sources */ = {isa = PBXBuildFile; fileRef = C469809D22250CEA003C5030 /* SignalLoggerTest.swift */; };
		C4984C6B2226626300B73313 /* MemoryLoggerTest.swift in Sources */ = {isa = PBXBuildFile; fileRef = C4984C6A2226626200B73313 /* MemoryLoggerTest.swift */; };
		C4984C6C2226626300B73313 /* MemoryLoggerTest.swift in Sources */ = {isa = PBXBuildFile; fileRef = C4984C6A2226626200B73313 /* MemoryLoggerTest.swift */; };
		C4984C6D2226626300B73313 /* MemoryLoggerTest.swift in Sources */ = {isa = PBXBuildFile; fileRef = C4984C6A2226626200B73313 /* MemoryLoggerTest.swift */; };
		C4984C6F22273FA000B73313 /* JRPCLogger.swift in Sources */ = {isa = PBXBuildFile; fileRef = C4984C6E22273FA000B73313 /* JRPCLogger.swift */; };
		C4984C7022273FA000B73313 /* JRPCLogger.swift in Sources */ = {isa = PBXBuildFile; fileRef = C4984C6E22273FA000B73313 /* JRPCLogger.swift */; };
		C4984C7122273FA000B73313 /* JRPCLogger.swift in Sources */ = {isa = PBXBuildFile; fileRef = C4984C6E22273FA000B73313 /* JRPCLogger.swift */; };
		C4984C7222273FA000B73313 /* JRPCLogger.swift in Sources */ = {isa = PBXBuildFile; fileRef = C4984C6E22273FA000B73313 /* JRPCLogger.swift */; };
		C4984C7322273FAB00B73313 /* JRPCLogger.swift in Sources */ = {isa = PBXBuildFile; fileRef = C4984C6E22273FA000B73313 /* JRPCLogger.swift */; };
		C4984C7422273FAC00B73313 /* JRPCLogger.swift in Sources */ = {isa = PBXBuildFile; fileRef = C4984C6E22273FA000B73313 /* JRPCLogger.swift */; };
		C4984C7522273FAD00B73313 /* JRPCLogger.swift in Sources */ = {isa = PBXBuildFile; fileRef = C4984C6E22273FA000B73313 /* JRPCLogger.swift */; };
		C4984C7722290C6200B73313 /* StringSignal.swift in Sources */ = {isa = PBXBuildFile; fileRef = C4984C7622290C6200B73313 /* StringSignal.swift */; };
		C4984C7822290C6200B73313 /* StringSignal.swift in Sources */ = {isa = PBXBuildFile; fileRef = C4984C7622290C6200B73313 /* StringSignal.swift */; };
		C4984C7922290C6200B73313 /* StringSignal.swift in Sources */ = {isa = PBXBuildFile; fileRef = C4984C7622290C6200B73313 /* StringSignal.swift */; };
		C4984C7A22290C6200B73313 /* StringSignal.swift in Sources */ = {isa = PBXBuildFile; fileRef = C4984C7622290C6200B73313 /* StringSignal.swift */; };
		C4984C7B22290C6700B73313 /* StringSignal.swift in Sources */ = {isa = PBXBuildFile; fileRef = C4984C7622290C6200B73313 /* StringSignal.swift */; };
		C4984C7C22290C6800B73313 /* StringSignal.swift in Sources */ = {isa = PBXBuildFile; fileRef = C4984C7622290C6200B73313 /* StringSignal.swift */; };
		C4984C7D22290C6900B73313 /* StringSignal.swift in Sources */ = {isa = PBXBuildFile; fileRef = C4984C7622290C6200B73313 /* StringSignal.swift */; };
		C49F86662231D97C00874E82 /* CallStackFrame.swift in Sources */ = {isa = PBXBuildFile; fileRef = C49F86652231D97C00874E82 /* CallStackFrame.swift */; };
		C49F86672231D97C00874E82 /* CallStackFrame.swift in Sources */ = {isa = PBXBuildFile; fileRef = C49F86652231D97C00874E82 /* CallStackFrame.swift */; };
		C49F86682231D97C00874E82 /* CallStackFrame.swift in Sources */ = {isa = PBXBuildFile; fileRef = C49F86652231D97C00874E82 /* CallStackFrame.swift */; };
		C49F86692231D97C00874E82 /* CallStackFrame.swift in Sources */ = {isa = PBXBuildFile; fileRef = C49F86652231D97C00874E82 /* CallStackFrame.swift */; };
		C49F866A2231D97C00874E82 /* CallStackFrame.swift in Sources */ = {isa = PBXBuildFile; fileRef = C49F86652231D97C00874E82 /* CallStackFrame.swift */; };
		C49F866B2231D97C00874E82 /* CallStackFrame.swift in Sources */ = {isa = PBXBuildFile; fileRef = C49F86652231D97C00874E82 /* CallStackFrame.swift */; };
		C49F866C2231D97C00874E82 /* CallStackFrame.swift in Sources */ = {isa = PBXBuildFile; fileRef = C49F86652231D97C00874E82 /* CallStackFrame.swift */; };
/* End PBXBuildFile section */

/* Begin PBXContainerItemProxy section */
		C41842672216233800FC21A0 /* PBXContainerItemProxy */ = {
			isa = PBXContainerItemProxy;
			containerPortal = C41841D02213EC3400FC21A0 /* Project object */;
			proxyType = 1;
			remoteGlobalIDString = C418425C2216233700FC21A0;
			remoteInfo = "SwiftBeacon-iOS";
		};
		C41842912216241600FC21A0 /* PBXContainerItemProxy */ = {
			isa = PBXContainerItemProxy;
			containerPortal = C41841D02213EC3400FC21A0 /* Project object */;
			proxyType = 1;
			remoteGlobalIDString = C41842862216241400FC21A0;
			remoteInfo = "SwiftBeacon-tvOS";
		};
		C41842F82216255700FC21A0 /* PBXContainerItemProxy */ = {
			isa = PBXContainerItemProxy;
			containerPortal = C41841D02213EC3400FC21A0 /* Project object */;
			proxyType = 1;
			remoteGlobalIDString = C41842ED2216255700FC21A0;
			remoteInfo = "SwiftBeacon-Mac";
		};
/* End PBXContainerItemProxy section */

/* Begin PBXFileReference section */
		C41841F42213F25B00FC21A0 /* Beacon.swift */ = {isa = PBXFileReference; lastKnownFileType = sourcecode.swift; path = Beacon.swift; sourceTree = "<group>"; };
		C41841F52213F25F00FC21A0 /* Signal.swift */ = {isa = PBXFileReference; lastKnownFileType = sourcecode.swift; path = Signal.swift; sourceTree = "<group>"; };
		C41841F62213F26300FC21A0 /* Signaling.swift */ = {isa = PBXFileReference; lastKnownFileType = sourcecode.swift; path = Signaling.swift; sourceTree = "<group>"; };
		C41841F82213F27900FC21A0 /* SignalLogger.swift */ = {isa = PBXFileReference; lastKnownFileType = sourcecode.swift; path = SignalLogger.swift; sourceTree = "<group>"; };
		C41841F92213F27D00FC21A0 /* MemoryLogger.swift */ = {isa = PBXFileReference; lastKnownFileType = sourcecode.swift; path = MemoryLogger.swift; sourceTree = "<group>"; };
		C41841FA2213F28100FC21A0 /* ConsoleLogger.swift */ = {isa = PBXFileReference; lastKnownFileType = sourcecode.swift; path = ConsoleLogger.swift; sourceTree = "<group>"; };
		C41841FC2213F29200FC21A0 /* ErrorSignal.swift */ = {isa = PBXFileReference; lastKnownFileType = sourcecode.swift; path = ErrorSignal.swift; sourceTree = "<group>"; };
		C41841FD2213F29600FC21A0 /* ContextSignal.swift */ = {isa = PBXFileReference; lastKnownFileType = sourcecode.swift; path = ContextSignal.swift; sourceTree = "<group>"; };
		C41841FE2213F29A00FC21A0 /* WrapperSignal.swift */ = {isa = PBXFileReference; lastKnownFileType = sourcecode.swift; path = WrapperSignal.swift; sourceTree = "<group>"; };
		C41842092213F2E200FC21A0 /* SignalTest.swift */ = {isa = PBXFileReference; lastKnownFileType = sourcecode.swift; path = SignalTest.swift; sourceTree = "<group>"; };
		C418425D2216233700FC21A0 /* Beacon.framework */ = {isa = PBXFileReference; explicitFileType = wrapper.framework; includeInIndex = 0; path = Beacon.framework; sourceTree = BUILT_PRODUCTS_DIR; };
		C418425F2216233800FC21A0 /* Beacon.h */ = {isa = PBXFileReference; lastKnownFileType = sourcecode.c.h; path = Beacon.h; sourceTree = "<group>"; };
		C41842652216233800FC21A0 /* Beacon-Tests.xctest */ = {isa = PBXFileReference; explicitFileType = wrapper.cfbundle; includeInIndex = 0; path = "Beacon-Tests.xctest"; sourceTree = BUILT_PRODUCTS_DIR; };
		C41842872216241400FC21A0 /* Beacon.framework */ = {isa = PBXFileReference; explicitFileType = wrapper.framework; includeInIndex = 0; path = Beacon.framework; sourceTree = BUILT_PRODUCTS_DIR; };
		C418428F2216241500FC21A0 /* Beacon-Tests.xctest */ = {isa = PBXFileReference; explicitFileType = wrapper.cfbundle; includeInIndex = 0; path = "Beacon-Tests.xctest"; sourceTree = BUILT_PRODUCTS_DIR; };
		C41842EE2216255700FC21A0 /* Beacon.framework */ = {isa = PBXFileReference; explicitFileType = wrapper.framework; includeInIndex = 0; path = Beacon.framework; sourceTree = BUILT_PRODUCTS_DIR; };
		C41842F12216255700FC21A0 /* Info.plist */ = {isa = PBXFileReference; lastKnownFileType = text.plist.xml; path = Info.plist; sourceTree = "<group>"; };
		C41842F62216255700FC21A0 /* Beacon-Tests.xctest */ = {isa = PBXFileReference; explicitFileType = wrapper.cfbundle; includeInIndex = 0; path = "Beacon-Tests.xctest"; sourceTree = BUILT_PRODUCTS_DIR; };
		C41842FD2216255700FC21A0 /* Info.plist */ = {isa = PBXFileReference; lastKnownFileType = text.plist.xml; path = Info.plist; sourceTree = "<group>"; };
		C418430A2216258000FC21A0 /* Beacon.framework */ = {isa = PBXFileReference; explicitFileType = wrapper.framework; includeInIndex = 0; path = Beacon.framework; sourceTree = BUILT_PRODUCTS_DIR; };
		C418434822167E3500FC21A0 /* BeaconTest.swift */ = {isa = PBXFileReference; lastKnownFileType = sourcecode.swift; path = BeaconTest.swift; sourceTree = "<group>"; };
		C418434D22168B0300FC21A0 /* Notification+Signal.swift */ = {isa = PBXFileReference; lastKnownFileType = sourcecode.swift; path = "Notification+Signal.swift"; sourceTree = "<group>"; };
		C418437B221911AE00FC21A0 /* README.md */ = {isa = PBXFileReference; lastKnownFileType = net.daringfireball.markdown; path = README.md; sourceTree = "<group>"; };
		C469808C2223ADB8003C5030 /* Signaling.h */ = {isa = PBXFileReference; lastKnownFileType = sourcecode.c.h; path = Signaling.h; sourceTree = "<group>"; };
		C469808D2223ADB8003C5030 /* Signaling.m */ = {isa = PBXFileReference; lastKnownFileType = sourcecode.c.objc; path = Signaling.m; sourceTree = "<group>"; };
		C469809D22250CEA003C5030 /* SignalLoggerTest.swift */ = {isa = PBXFileReference; lastKnownFileType = sourcecode.swift; path = SignalLoggerTest.swift; sourceTree = "<group>"; };
		C4984C6A2226626200B73313 /* MemoryLoggerTest.swift */ = {isa = PBXFileReference; lastKnownFileType = sourcecode.swift; path = MemoryLoggerTest.swift; sourceTree = "<group>"; };
		C4984C6E22273FA000B73313 /* JRPCLogger.swift */ = {isa = PBXFileReference; lastKnownFileType = sourcecode.swift; path = JRPCLogger.swift; sourceTree = "<group>"; };
		C4984C7622290C6200B73313 /* StringSignal.swift */ = {isa = PBXFileReference; lastKnownFileType = sourcecode.swift; path = StringSignal.swift; sourceTree = "<group>"; };
		C49F86652231D97C00874E82 /* CallStackFrame.swift */ = {isa = PBXFileReference; lastKnownFileType = sourcecode.swift; path = CallStackFrame.swift; sourceTree = "<group>"; };
		C4B99950221FA7BC00F49D3F /* MyPlayground.playground */ = {isa = PBXFileReference; lastKnownFileType = file.playground; path = MyPlayground.playground; sourceTree = "<group>"; xcLanguageSpecificationIdentifier = xcode.lang.swift; };
/* End PBXFileReference section */

/* Begin PBXFrameworksBuildPhase section */
		C418425A2216233700FC21A0 /* Frameworks */ = {
			isa = PBXFrameworksBuildPhase;
			buildActionMask = 2147483647;
			files = (
			);
			runOnlyForDeploymentPostprocessing = 0;
		};
		C41842622216233800FC21A0 /* Frameworks */ = {
			isa = PBXFrameworksBuildPhase;
			buildActionMask = 2147483647;
			files = (
				C41842662216233800FC21A0 /* Beacon.framework in Frameworks */,
			);
			runOnlyForDeploymentPostprocessing = 0;
		};
		C41842842216241400FC21A0 /* Frameworks */ = {
			isa = PBXFrameworksBuildPhase;
			buildActionMask = 2147483647;
			files = (
			);
			runOnlyForDeploymentPostprocessing = 0;
		};
		C418428C2216241500FC21A0 /* Frameworks */ = {
			isa = PBXFrameworksBuildPhase;
			buildActionMask = 2147483647;
			files = (
				C41842902216241600FC21A0 /* Beacon.framework in Frameworks */,
			);
			runOnlyForDeploymentPostprocessing = 0;
		};
		C41842EB2216255700FC21A0 /* Frameworks */ = {
			isa = PBXFrameworksBuildPhase;
			buildActionMask = 2147483647;
			files = (
			);
			runOnlyForDeploymentPostprocessing = 0;
		};
		C41842F32216255700FC21A0 /* Frameworks */ = {
			isa = PBXFrameworksBuildPhase;
			buildActionMask = 2147483647;
			files = (
				C41842F72216255700FC21A0 /* Beacon.framework in Frameworks */,
			);
			runOnlyForDeploymentPostprocessing = 0;
		};
		C41843072216258000FC21A0 /* Frameworks */ = {
			isa = PBXFrameworksBuildPhase;
			buildActionMask = 2147483647;
			files = (
			);
			runOnlyForDeploymentPostprocessing = 0;
		};
/* End PBXFrameworksBuildPhase section */

/* Begin PBXGroup section */
		C41841CF2213EC3400FC21A0 = {
			isa = PBXGroup;
			children = (
				C4B99950221FA7BC00F49D3F /* MyPlayground.playground */,
				C418437B221911AE00FC21A0 /* README.md */,
				C4F50C4B22362B45007CDC03 /* Documentation */,
				C418434C22168ADA00FC21A0 /* Extensions */,
				C418432E2216281600FC21A0 /* Beacon */,
				C4184257221622E200FC21A0 /* Beacon-Tests */,
				C41841DA2213EC3400FC21A0 /* Products */,
			);
			sourceTree = "<group>";
		};
		C41841DA2213EC3400FC21A0 /* Products */ = {
			isa = PBXGroup;
			children = (
				C418425D2216233700FC21A0 /* Beacon.framework */,
				C41842652216233800FC21A0 /* Beacon-Tests.xctest */,
				C41842872216241400FC21A0 /* Beacon.framework */,
				C418428F2216241500FC21A0 /* Beacon-Tests.xctest */,
				C41842EE2216255700FC21A0 /* Beacon.framework */,
				C41842F62216255700FC21A0 /* Beacon-Tests.xctest */,
				C418430A2216258000FC21A0 /* Beacon.framework */,
			);
			name = Products;
			sourceTree = "<group>";
		};
		C41841F72213F26C00FC21A0 /* Loggers */ = {
			isa = PBXGroup;
			children = (
				C41841F82213F27900FC21A0 /* SignalLogger.swift */,
				C41841F92213F27D00FC21A0 /* MemoryLogger.swift */,
				C41841FA2213F28100FC21A0 /* ConsoleLogger.swift */,
				C4984C6E22273FA000B73313 /* JRPCLogger.swift */,
			);
			path = Loggers;
			sourceTree = "<group>";
		};
		C41841FB2213F28B00FC21A0 /* Signals */ = {
			isa = PBXGroup;
			children = (
				C41841F52213F25F00FC21A0 /* Signal.swift */,
				C41841FD2213F29600FC21A0 /* ContextSignal.swift */,
				C41841FC2213F29200FC21A0 /* ErrorSignal.swift */,
				C41841FE2213F29A00FC21A0 /* WrapperSignal.swift */,
				C4984C7622290C6200B73313 /* StringSignal.swift */,
			);
			path = Signals;
			sourceTree = "<group>";
		};
		C4184257221622E200FC21A0 /* Beacon-Tests */ = {
			isa = PBXGroup;
			children = (
				C41842092213F2E200FC21A0 /* SignalTest.swift */,
				C418434822167E3500FC21A0 /* BeaconTest.swift */,
				C41842FD2216255700FC21A0 /* Info.plist */,
				C469809D22250CEA003C5030 /* SignalLoggerTest.swift */,
				C4984C6A2226626200B73313 /* MemoryLoggerTest.swift */,
			);
			path = "Beacon-Tests";
			sourceTree = "<group>";
		};
		C418432E2216281600FC21A0 /* Beacon */ = {
			isa = PBXGroup;
			children = (
				C41841F42213F25B00FC21A0 /* Beacon.swift */,
				C41841F62213F26300FC21A0 /* Signaling.swift */,
				C49F86652231D97C00874E82 /* CallStackFrame.swift */,
				C41841F72213F26C00FC21A0 /* Loggers */,
				C41841FB2213F28B00FC21A0 /* Signals */,
				C418425F2216233800FC21A0 /* Beacon.h */,
				C41842F12216255700FC21A0 /* Info.plist */,
				C469808C2223ADB8003C5030 /* Signaling.h */,
				C469808D2223ADB8003C5030 /* Signaling.m */,
			);
			path = Beacon;
			sourceTree = "<group>";
		};
		C418434C22168ADA00FC21A0 /* Extensions */ = {
			isa = PBXGroup;
			children = (
				C418434D22168B0300FC21A0 /* Notification+Signal.swift */,
			);
			path = Extensions;
			sourceTree = "<group>";
		};
		C4F50C4B22362B45007CDC03 /* Documentation */ = {
			isa = PBXGroup;
			children = (
			);
			path = Documentation;
			sourceTree = "<group>";
		};
/* End PBXGroup section */

/* Begin PBXHeadersBuildPhase section */
		C41842582216233700FC21A0 /* Headers */ = {
			isa = PBXHeadersBuildPhase;
			buildActionMask = 2147483647;
			files = (
				C418426D2216233800FC21A0 /* Beacon.h in Headers */,
				C46980992223CE5C003C5030 /* Signaling.h in Headers */,
			);
			runOnlyForDeploymentPostprocessing = 0;
		};
		C41842822216241400FC21A0 /* Headers */ = {
			isa = PBXHeadersBuildPhase;
			buildActionMask = 2147483647;
			files = (
				C46980962223C936003C5030 /* Beacon.h in Headers */,
				C469809A2223CE5D003C5030 /* Signaling.h in Headers */,
			);
			runOnlyForDeploymentPostprocessing = 0;
		};
		C41842E92216255700FC21A0 /* Headers */ = {
			isa = PBXHeadersBuildPhase;
			buildActionMask = 2147483647;
			files = (
				C46980972223C937003C5030 /* Beacon.h in Headers */,
				C469809B2223CE61003C5030 /* Signaling.h in Headers */,
			);
			runOnlyForDeploymentPostprocessing = 0;
		};
		C41843052216258000FC21A0 /* Headers */ = {
			isa = PBXHeadersBuildPhase;
			buildActionMask = 2147483647;
			files = (
				C46980982223C938003C5030 /* Beacon.h in Headers */,
				C469809C2223CE61003C5030 /* Signaling.h in Headers */,
			);
			runOnlyForDeploymentPostprocessing = 0;
		};
/* End PBXHeadersBuildPhase section */

/* Begin PBXNativeTarget section */
		C418425C2216233700FC21A0 /* Beacon-iOS */ = {
			isa = PBXNativeTarget;
			buildConfigurationList = C418426E2216233800FC21A0 /* Build configuration list for PBXNativeTarget "Beacon-iOS" */;
			buildPhases = (
				C41842582216233700FC21A0 /* Headers */,
				C41842592216233700FC21A0 /* Sources */,
				C418425A2216233700FC21A0 /* Frameworks */,
				C418425B2216233700FC21A0 /* Resources */,
			);
			buildRules = (
			);
			dependencies = (
			);
			name = "Beacon-iOS";
			productName = "SwiftBeacon-iOS";
			productReference = C418425D2216233700FC21A0 /* Beacon.framework */;
			productType = "com.apple.product-type.framework";
		};
		C41842642216233800FC21A0 /* Beacon-iOSTests */ = {
			isa = PBXNativeTarget;
			buildConfigurationList = C41842712216233800FC21A0 /* Build configuration list for PBXNativeTarget "Beacon-iOSTests" */;
			buildPhases = (
				C41842612216233800FC21A0 /* Sources */,
				C41842622216233800FC21A0 /* Frameworks */,
				C41842632216233800FC21A0 /* Resources */,
			);
			buildRules = (
			);
			dependencies = (
				C41842682216233800FC21A0 /* PBXTargetDependency */,
			);
			name = "Beacon-iOSTests";
			productName = "SwiftBeacon-iOSTests";
			productReference = C41842652216233800FC21A0 /* Beacon-Tests.xctest */;
			productType = "com.apple.product-type.bundle.unit-test";
		};
		C41842862216241400FC21A0 /* Beacon-tvOS */ = {
			isa = PBXNativeTarget;
			buildConfigurationList = C41842982216241600FC21A0 /* Build configuration list for PBXNativeTarget "Beacon-tvOS" */;
			buildPhases = (
				C41842822216241400FC21A0 /* Headers */,
				C41842832216241400FC21A0 /* Sources */,
				C41842842216241400FC21A0 /* Frameworks */,
				C41842852216241400FC21A0 /* Resources */,
			);
			buildRules = (
			);
			dependencies = (
			);
			name = "Beacon-tvOS";
			productName = "SwiftBeacon-tvOS";
			productReference = C41842872216241400FC21A0 /* Beacon.framework */;
			productType = "com.apple.product-type.framework";
		};
		C418428E2216241500FC21A0 /* Beacon-tvOSTests */ = {
			isa = PBXNativeTarget;
			buildConfigurationList = C418429B2216241600FC21A0 /* Build configuration list for PBXNativeTarget "Beacon-tvOSTests" */;
			buildPhases = (
				C418428B2216241500FC21A0 /* Sources */,
				C418428C2216241500FC21A0 /* Frameworks */,
				C418428D2216241500FC21A0 /* Resources */,
			);
			buildRules = (
			);
			dependencies = (
				C41842922216241600FC21A0 /* PBXTargetDependency */,
			);
			name = "Beacon-tvOSTests";
			productName = "SwiftBeacon-tvOSTests";
			productReference = C418428F2216241500FC21A0 /* Beacon-Tests.xctest */;
			productType = "com.apple.product-type.bundle.unit-test";
		};
		C41842ED2216255700FC21A0 /* Beacon-Mac */ = {
			isa = PBXNativeTarget;
			buildConfigurationList = C41842FF2216255700FC21A0 /* Build configuration list for PBXNativeTarget "Beacon-Mac" */;
			buildPhases = (
				C41842E92216255700FC21A0 /* Headers */,
				C41842EA2216255700FC21A0 /* Sources */,
				C41842EB2216255700FC21A0 /* Frameworks */,
				C41842EC2216255700FC21A0 /* Resources */,
			);
			buildRules = (
			);
			dependencies = (
			);
			name = "Beacon-Mac";
			productName = "SwiftBeacon-Mac";
			productReference = C41842EE2216255700FC21A0 /* Beacon.framework */;
			productType = "com.apple.product-type.framework";
		};
		C41842F52216255700FC21A0 /* Beacon-MacTests */ = {
			isa = PBXNativeTarget;
			buildConfigurationList = C41843022216255700FC21A0 /* Build configuration list for PBXNativeTarget "Beacon-MacTests" */;
			buildPhases = (
				C41842F22216255700FC21A0 /* Sources */,
				C41842F32216255700FC21A0 /* Frameworks */,
				C41842F42216255700FC21A0 /* Resources */,
			);
			buildRules = (
			);
			dependencies = (
				C41842F92216255700FC21A0 /* PBXTargetDependency */,
			);
			name = "Beacon-MacTests";
			productName = "SwiftBeacon-MacTests";
			productReference = C41842F62216255700FC21A0 /* Beacon-Tests.xctest */;
			productType = "com.apple.product-type.bundle.unit-test";
		};
		C41843092216258000FC21A0 /* Beacon-watchOS */ = {
			isa = PBXNativeTarget;
			buildConfigurationList = C418430F2216258000FC21A0 /* Build configuration list for PBXNativeTarget "Beacon-watchOS" */;
			buildPhases = (
				C41843052216258000FC21A0 /* Headers */,
				C41843062216258000FC21A0 /* Sources */,
				C41843072216258000FC21A0 /* Frameworks */,
				C41843082216258000FC21A0 /* Resources */,
			);
			buildRules = (
			);
			dependencies = (
			);
			name = "Beacon-watchOS";
			productName = "SwiftBeacon-watchOS";
			productReference = C418430A2216258000FC21A0 /* Beacon.framework */;
			productType = "com.apple.product-type.framework";
		};
/* End PBXNativeTarget section */

/* Begin PBXProject section */
		C41841D02213EC3400FC21A0 /* Project object */ = {
			isa = PBXProject;
			attributes = {
				LastSwiftUpdateCheck = 1010;
				LastUpgradeCheck = 1010;
				ORGANIZATIONNAME = "Pavel Skaldin";
				TargetAttributes = {
					C418425C2216233700FC21A0 = {
						CreatedOnToolsVersion = 10.1;
						LastSwiftMigration = 1010;
					};
					C41842642216233800FC21A0 = {
						CreatedOnToolsVersion = 10.1;
					};
					C41842862216241400FC21A0 = {
						CreatedOnToolsVersion = 10.1;
						LastSwiftMigration = 1010;
					};
					C418428E2216241500FC21A0 = {
						CreatedOnToolsVersion = 10.1;
					};
					C41842ED2216255700FC21A0 = {
						CreatedOnToolsVersion = 10.1;
						LastSwiftMigration = 1010;
					};
					C41842F52216255700FC21A0 = {
						CreatedOnToolsVersion = 10.1;
					};
					C41843092216258000FC21A0 = {
						CreatedOnToolsVersion = 10.1;
						LastSwiftMigration = 1010;
					};
				};
			};
			buildConfigurationList = C41841D32213EC3400FC21A0 /* Build configuration list for PBXProject "Beacon" */;
			compatibilityVersion = "Xcode 9.3";
			developmentRegion = en;
			hasScannedForEncodings = 0;
			knownRegions = (
				en,
			);
			mainGroup = C41841CF2213EC3400FC21A0;
			productRefGroup = C41841DA2213EC3400FC21A0 /* Products */;
			projectDirPath = "";
			projectRoot = "";
			targets = (
				C418425C2216233700FC21A0 /* Beacon-iOS */,
				C41842642216233800FC21A0 /* Beacon-iOSTests */,
				C41842862216241400FC21A0 /* Beacon-tvOS */,
				C418428E2216241500FC21A0 /* Beacon-tvOSTests */,
				C41842ED2216255700FC21A0 /* Beacon-Mac */,
				C41842F52216255700FC21A0 /* Beacon-MacTests */,
				C41843092216258000FC21A0 /* Beacon-watchOS */,
			);
		};
/* End PBXProject section */

/* Begin PBXResourcesBuildPhase section */
		C418425B2216233700FC21A0 /* Resources */ = {
			isa = PBXResourcesBuildPhase;
			buildActionMask = 2147483647;
			files = (
			);
			runOnlyForDeploymentPostprocessing = 0;
		};
		C41842632216233800FC21A0 /* Resources */ = {
			isa = PBXResourcesBuildPhase;
			buildActionMask = 2147483647;
			files = (
			);
			runOnlyForDeploymentPostprocessing = 0;
		};
		C41842852216241400FC21A0 /* Resources */ = {
			isa = PBXResourcesBuildPhase;
			buildActionMask = 2147483647;
			files = (
			);
			runOnlyForDeploymentPostprocessing = 0;
		};
		C418428D2216241500FC21A0 /* Resources */ = {
			isa = PBXResourcesBuildPhase;
			buildActionMask = 2147483647;
			files = (
			);
			runOnlyForDeploymentPostprocessing = 0;
		};
		C41842EC2216255700FC21A0 /* Resources */ = {
			isa = PBXResourcesBuildPhase;
			buildActionMask = 2147483647;
			files = (
			);
			runOnlyForDeploymentPostprocessing = 0;
		};
		C41842F42216255700FC21A0 /* Resources */ = {
			isa = PBXResourcesBuildPhase;
			buildActionMask = 2147483647;
			files = (
			);
			runOnlyForDeploymentPostprocessing = 0;
		};
		C41843082216258000FC21A0 /* Resources */ = {
			isa = PBXResourcesBuildPhase;
			buildActionMask = 2147483647;
			files = (
			);
			runOnlyForDeploymentPostprocessing = 0;
		};
/* End PBXResourcesBuildPhase section */

/* Begin PBXSourcesBuildPhase section */
		C41842592216233700FC21A0 /* Sources */ = {
			isa = PBXSourcesBuildPhase;
			buildActionMask = 2147483647;
			files = (
				C4984C7722290C6200B73313 /* StringSignal.swift in Sources */,
				C41842A82216244600FC21A0 /* Signaling.swift in Sources */,
				C41842AD2216245100FC21A0 /* SignalLogger.swift in Sources */,
				C4984C6F22273FA000B73313 /* JRPCLogger.swift in Sources */,
				C418429E2216243800FC21A0 /* Beacon.swift in Sources */,
				C41842AE2216245100FC21A0 /* MemoryLogger.swift in Sources */,
				C41842B12216245100FC21A0 /* ErrorSignal.swift in Sources */,
				C41842B22216245100FC21A0 /* WrapperSignal.swift in Sources */,
				C49F86662231D97C00874E82 /* CallStackFrame.swift in Sources */,
				C46980922223ADB8003C5030 /* Signaling.m in Sources */,
				C41842B02216245100FC21A0 /* ContextSignal.swift in Sources */,
				C41842A32216243F00FC21A0 /* Signal.swift in Sources */,
				C418434E22168B0300FC21A0 /* Notification+Signal.swift in Sources */,
				C41842AF2216245100FC21A0 /* ConsoleLogger.swift in Sources */,
			);
			runOnlyForDeploymentPostprocessing = 0;
		};
		C41842612216233800FC21A0 /* Sources */ = {
			isa = PBXSourcesBuildPhase;
			buildActionMask = 2147483647;
			files = (
				C4984C7B22290C6700B73313 /* StringSignal.swift in Sources */,
				C41842A92216244700FC21A0 /* Signaling.swift in Sources */,
				C4984C6B2226626300B73313 /* MemoryLoggerTest.swift in Sources */,
				C41842B32216245200FC21A0 /* SignalLogger.swift in Sources */,
				C418429F2216243900FC21A0 /* Beacon.swift in Sources */,
				C41842CB2216247300FC21A0 /* SignalTest.swift in Sources */,
				C41842B42216245200FC21A0 /* MemoryLogger.swift in Sources */,
				C41842B72216245200FC21A0 /* ErrorSignal.swift in Sources */,
				C41842B82216245200FC21A0 /* WrapperSignal.swift in Sources */,
				C469809E22250CEA003C5030 /* SignalLoggerTest.swift in Sources */,
				C4984C7322273FAB00B73313 /* JRPCLogger.swift in Sources */,
				C41842B62216245200FC21A0 /* ContextSignal.swift in Sources */,
				C418434F22168B0300FC21A0 /* Notification+Signal.swift in Sources */,
				C49F86672231D97C00874E82 /* CallStackFrame.swift in Sources */,
				C418434922167E3500FC21A0 /* BeaconTest.swift in Sources */,
				C41842A42216244000FC21A0 /* Signal.swift in Sources */,
				C41842B52216245200FC21A0 /* ConsoleLogger.swift in Sources */,
			);
			runOnlyForDeploymentPostprocessing = 0;
		};
		C41842832216241400FC21A0 /* Sources */ = {
			isa = PBXSourcesBuildPhase;
			buildActionMask = 2147483647;
			files = (
				C4984C7822290C6200B73313 /* StringSignal.swift in Sources */,
				C41842AB2216244800FC21A0 /* Signaling.swift in Sources */,
				C41842BF2216245300FC21A0 /* SignalLogger.swift in Sources */,
				C4984C7022273FA000B73313 /* JRPCLogger.swift in Sources */,
				C41842A12216243A00FC21A0 /* Beacon.swift in Sources */,
				C41842C02216245300FC21A0 /* MemoryLogger.swift in Sources */,
				C41842C32216245300FC21A0 /* ErrorSignal.swift in Sources */,
				C41842C42216245300FC21A0 /* WrapperSignal.swift in Sources */,
				C49F86682231D97C00874E82 /* CallStackFrame.swift in Sources */,
				C46980932223ADB8003C5030 /* Signaling.m in Sources */,
				C41842C22216245300FC21A0 /* ContextSignal.swift in Sources */,
				C41842A62216244100FC21A0 /* Signal.swift in Sources */,
				C418435022168B0300FC21A0 /* Notification+Signal.swift in Sources */,
				C41842C12216245300FC21A0 /* ConsoleLogger.swift in Sources */,
			);
			runOnlyForDeploymentPostprocessing = 0;
		};
		C418428B2216241500FC21A0 /* Sources */ = {
			isa = PBXSourcesBuildPhase;
			buildActionMask = 2147483647;
			files = (
				C4984C7C22290C6800B73313 /* StringSignal.swift in Sources */,
				C41842C92216245400FC21A0 /* ErrorSignal.swift in Sources */,
				C4984C6C2226626300B73313 /* MemoryLoggerTest.swift in Sources */,
				C41842C62216245400FC21A0 /* MemoryLogger.swift in Sources */,
				C41842C82216245400FC21A0 /* ContextSignal.swift in Sources */,
				C41842CA2216245400FC21A0 /* WrapperSignal.swift in Sources */,
				C41842AC2216244800FC21A0 /* Signaling.swift in Sources */,
				C41842C72216245400FC21A0 /* ConsoleLogger.swift in Sources */,
				C41842C52216245400FC21A0 /* SignalLogger.swift in Sources */,
				C469809F22250CEB003C5030 /* SignalLoggerTest.swift in Sources */,
				C4984C7422273FAC00B73313 /* JRPCLogger.swift in Sources */,
				C41842A72216244200FC21A0 /* Signal.swift in Sources */,
				C418435122168B0300FC21A0 /* Notification+Signal.swift in Sources */,
				C49F86692231D97C00874E82 /* CallStackFrame.swift in Sources */,
				C418434A22167E3500FC21A0 /* BeaconTest.swift in Sources */,
				C41842A22216243B00FC21A0 /* Beacon.swift in Sources */,
				C41842CC2216247400FC21A0 /* SignalTest.swift in Sources */,
			);
			runOnlyForDeploymentPostprocessing = 0;
		};
		C41842EA2216255700FC21A0 /* Sources */ = {
			isa = PBXSourcesBuildPhase;
			buildActionMask = 2147483647;
			files = (
				C4984C7922290C6200B73313 /* StringSignal.swift in Sources */,
				C41843152216277000FC21A0 /* Signaling.swift in Sources */,
				C41843162216277000FC21A0 /* SignalLogger.swift in Sources */,
				C4984C7122273FA000B73313 /* JRPCLogger.swift in Sources */,
				C41843132216277000FC21A0 /* Beacon.swift in Sources */,
				C41843172216277000FC21A0 /* MemoryLogger.swift in Sources */,
				C418431A2216277000FC21A0 /* ErrorSignal.swift in Sources */,
				C418431B2216277000FC21A0 /* WrapperSignal.swift in Sources */,
				C49F866A2231D97C00874E82 /* CallStackFrame.swift in Sources */,
				C46980942223ADB8003C5030 /* Signaling.m in Sources */,
				C41843192216277000FC21A0 /* ContextSignal.swift in Sources */,
				C41843142216277000FC21A0 /* Signal.swift in Sources */,
				C418435222168B0300FC21A0 /* Notification+Signal.swift in Sources */,
				C41843182216277000FC21A0 /* ConsoleLogger.swift in Sources */,
			);
			runOnlyForDeploymentPostprocessing = 0;
		};
		C41842F22216255700FC21A0 /* Sources */ = {
			isa = PBXSourcesBuildPhase;
			buildActionMask = 2147483647;
			files = (
				C4984C7D22290C6900B73313 /* StringSignal.swift in Sources */,
				C41843242216277000FC21A0 /* WrapperSignal.swift in Sources */,
				C4984C6D2226626300B73313 /* MemoryLoggerTest.swift in Sources */,
				C41843222216277000FC21A0 /* ContextSignal.swift in Sources */,
				C41843122216275600FC21A0 /* SignalTest.swift in Sources */,
				C418431E2216277000FC21A0 /* Signaling.swift in Sources */,
				C41843202216277000FC21A0 /* MemoryLogger.swift in Sources */,
				C418431F2216277000FC21A0 /* SignalLogger.swift in Sources */,
				C418431C2216277000FC21A0 /* Beacon.swift in Sources */,
				C46980A022250CEB003C5030 /* SignalLoggerTest.swift in Sources */,
				C4984C7522273FAD00B73313 /* JRPCLogger.swift in Sources */,
				C418431D2216277000FC21A0 /* Signal.swift in Sources */,
				C418435322168B0300FC21A0 /* Notification+Signal.swift in Sources */,
				C49F866B2231D97C00874E82 /* CallStackFrame.swift in Sources */,
				C418434B22167E3500FC21A0 /* BeaconTest.swift in Sources */,
				C41843232216277000FC21A0 /* ErrorSignal.swift in Sources */,
				C41843212216277000FC21A0 /* ConsoleLogger.swift in Sources */,
			);
			runOnlyForDeploymentPostprocessing = 0;
		};
		C41843062216258000FC21A0 /* Sources */ = {
			isa = PBXSourcesBuildPhase;
			buildActionMask = 2147483647;
			files = (
				C4984C7A22290C6200B73313 /* StringSignal.swift in Sources */,
				C41843272216277100FC21A0 /* Signaling.swift in Sources */,
				C41843282216277100FC21A0 /* SignalLogger.swift in Sources */,
				C4984C7222273FA000B73313 /* JRPCLogger.swift in Sources */,
				C41843252216277100FC21A0 /* Beacon.swift in Sources */,
				C41843292216277100FC21A0 /* MemoryLogger.swift in Sources */,
				C418432C2216277100FC21A0 /* ErrorSignal.swift in Sources */,
				C418432D2216277100FC21A0 /* WrapperSignal.swift in Sources */,
				C49F866C2231D97C00874E82 /* CallStackFrame.swift in Sources */,
				C46980952223ADB8003C5030 /* Signaling.m in Sources */,
				C418432B2216277100FC21A0 /* ContextSignal.swift in Sources */,
				C41843262216277100FC21A0 /* Signal.swift in Sources */,
				C418435422168B0300FC21A0 /* Notification+Signal.swift in Sources */,
				C418432A2216277100FC21A0 /* ConsoleLogger.swift in Sources */,
			);
			runOnlyForDeploymentPostprocessing = 0;
		};
/* End PBXSourcesBuildPhase section */

/* Begin PBXTargetDependency section */
		C41842682216233800FC21A0 /* PBXTargetDependency */ = {
			isa = PBXTargetDependency;
			target = C418425C2216233700FC21A0 /* Beacon-iOS */;
			targetProxy = C41842672216233800FC21A0 /* PBXContainerItemProxy */;
		};
		C41842922216241600FC21A0 /* PBXTargetDependency */ = {
			isa = PBXTargetDependency;
			target = C41842862216241400FC21A0 /* Beacon-tvOS */;
			targetProxy = C41842912216241600FC21A0 /* PBXContainerItemProxy */;
		};
		C41842F92216255700FC21A0 /* PBXTargetDependency */ = {
			isa = PBXTargetDependency;
			target = C41842ED2216255700FC21A0 /* Beacon-Mac */;
			targetProxy = C41842F82216255700FC21A0 /* PBXContainerItemProxy */;
		};
/* End PBXTargetDependency section */

/* Begin XCBuildConfiguration section */
		C41841EB2213EC3400FC21A0 /* Debug */ = {
			isa = XCBuildConfiguration;
			buildSettings = {
				ALWAYS_SEARCH_USER_PATHS = NO;
				CLANG_ANALYZER_NONNULL = YES;
				CLANG_ANALYZER_NUMBER_OBJECT_CONVERSION = YES_AGGRESSIVE;
				CLANG_CXX_LANGUAGE_STANDARD = "gnu++14";
				CLANG_CXX_LIBRARY = "libc++";
				CLANG_ENABLE_MODULES = YES;
				CLANG_ENABLE_OBJC_ARC = YES;
				CLANG_ENABLE_OBJC_WEAK = YES;
				CLANG_WARN_BLOCK_CAPTURE_AUTORELEASING = YES;
				CLANG_WARN_BOOL_CONVERSION = YES;
				CLANG_WARN_COMMA = YES;
				CLANG_WARN_CONSTANT_CONVERSION = YES;
				CLANG_WARN_DEPRECATED_OBJC_IMPLEMENTATIONS = YES;
				CLANG_WARN_DIRECT_OBJC_ISA_USAGE = YES_ERROR;
				CLANG_WARN_DOCUMENTATION_COMMENTS = YES;
				CLANG_WARN_EMPTY_BODY = YES;
				CLANG_WARN_ENUM_CONVERSION = YES;
				CLANG_WARN_INFINITE_RECURSION = YES;
				CLANG_WARN_INT_CONVERSION = YES;
				CLANG_WARN_NON_LITERAL_NULL_CONVERSION = YES;
				CLANG_WARN_OBJC_IMPLICIT_RETAIN_SELF = YES;
				CLANG_WARN_OBJC_LITERAL_CONVERSION = YES;
				CLANG_WARN_OBJC_ROOT_CLASS = YES_ERROR;
				CLANG_WARN_RANGE_LOOP_ANALYSIS = YES;
				CLANG_WARN_STRICT_PROTOTYPES = YES;
				CLANG_WARN_SUSPICIOUS_MOVE = YES;
				CLANG_WARN_UNGUARDED_AVAILABILITY = YES_AGGRESSIVE;
				CLANG_WARN_UNREACHABLE_CODE = YES;
				CLANG_WARN__DUPLICATE_METHOD_MATCH = YES;
				CODE_SIGN_IDENTITY = "Mac Developer";
				COPY_PHASE_STRIP = NO;
				CURRENT_PROJECT_VERSION = 1;
				DEBUG_INFORMATION_FORMAT = dwarf;
				DEFINES_MODULE = YES;
				ENABLE_STRICT_OBJC_MSGSEND = YES;
				ENABLE_TESTABILITY = YES;
				GCC_C_LANGUAGE_STANDARD = gnu11;
				GCC_DYNAMIC_NO_PIC = NO;
				GCC_NO_COMMON_BLOCKS = YES;
				GCC_OPTIMIZATION_LEVEL = 0;
				GCC_PREPROCESSOR_DEFINITIONS = (
					"DEBUG=1",
					"$(inherited)",
				);
				GCC_WARN_64_TO_32_BIT_CONVERSION = YES;
				GCC_WARN_ABOUT_RETURN_TYPE = YES_ERROR;
				GCC_WARN_UNDECLARED_SELECTOR = YES;
				GCC_WARN_UNINITIALIZED_AUTOS = YES_AGGRESSIVE;
				GCC_WARN_UNUSED_FUNCTION = YES;
				GCC_WARN_UNUSED_VARIABLE = YES;
				IPHONEOS_DEPLOYMENT_TARGET = 8.0;
				MACOSX_DEPLOYMENT_TARGET = 10.9;
				MTL_ENABLE_DEBUG_INFO = INCLUDE_SOURCE;
				MTL_FAST_MATH = YES;
				ONLY_ACTIVE_ARCH = YES;
				SDKROOT = macosx;
				SWIFT_ACTIVE_COMPILATION_CONDITIONS = DEBUG;
				SWIFT_OPTIMIZATION_LEVEL = "-Onone";
				TVOS_DEPLOYMENT_TARGET = 10.0;
				VERSIONING_SYSTEM = "apple-generic";
				VERSION_INFO_PREFIX = "";
				WATCHOS_DEPLOYMENT_TARGET = 3.0;
			};
			name = Debug;
		};
		C41841EC2213EC3400FC21A0 /* Release */ = {
			isa = XCBuildConfiguration;
			buildSettings = {
				ALWAYS_SEARCH_USER_PATHS = NO;
				CLANG_ANALYZER_NONNULL = YES;
				CLANG_ANALYZER_NUMBER_OBJECT_CONVERSION = YES_AGGRESSIVE;
				CLANG_CXX_LANGUAGE_STANDARD = "gnu++14";
				CLANG_CXX_LIBRARY = "libc++";
				CLANG_ENABLE_MODULES = YES;
				CLANG_ENABLE_OBJC_ARC = YES;
				CLANG_ENABLE_OBJC_WEAK = YES;
				CLANG_WARN_BLOCK_CAPTURE_AUTORELEASING = YES;
				CLANG_WARN_BOOL_CONVERSION = YES;
				CLANG_WARN_COMMA = YES;
				CLANG_WARN_CONSTANT_CONVERSION = YES;
				CLANG_WARN_DEPRECATED_OBJC_IMPLEMENTATIONS = YES;
				CLANG_WARN_DIRECT_OBJC_ISA_USAGE = YES_ERROR;
				CLANG_WARN_DOCUMENTATION_COMMENTS = YES;
				CLANG_WARN_EMPTY_BODY = YES;
				CLANG_WARN_ENUM_CONVERSION = YES;
				CLANG_WARN_INFINITE_RECURSION = YES;
				CLANG_WARN_INT_CONVERSION = YES;
				CLANG_WARN_NON_LITERAL_NULL_CONVERSION = YES;
				CLANG_WARN_OBJC_IMPLICIT_RETAIN_SELF = YES;
				CLANG_WARN_OBJC_LITERAL_CONVERSION = YES;
				CLANG_WARN_OBJC_ROOT_CLASS = YES_ERROR;
				CLANG_WARN_RANGE_LOOP_ANALYSIS = YES;
				CLANG_WARN_STRICT_PROTOTYPES = YES;
				CLANG_WARN_SUSPICIOUS_MOVE = YES;
				CLANG_WARN_UNGUARDED_AVAILABILITY = YES_AGGRESSIVE;
				CLANG_WARN_UNREACHABLE_CODE = YES;
				CLANG_WARN__DUPLICATE_METHOD_MATCH = YES;
				CODE_SIGN_IDENTITY = "Mac Developer";
				COPY_PHASE_STRIP = NO;
				CURRENT_PROJECT_VERSION = 1;
				DEBUG_INFORMATION_FORMAT = "dwarf-with-dsym";
				DEFINES_MODULE = YES;
				ENABLE_NS_ASSERTIONS = NO;
				ENABLE_STRICT_OBJC_MSGSEND = YES;
				GCC_C_LANGUAGE_STANDARD = gnu11;
				GCC_NO_COMMON_BLOCKS = YES;
				GCC_WARN_64_TO_32_BIT_CONVERSION = YES;
				GCC_WARN_ABOUT_RETURN_TYPE = YES_ERROR;
				GCC_WARN_UNDECLARED_SELECTOR = YES;
				GCC_WARN_UNINITIALIZED_AUTOS = YES_AGGRESSIVE;
				GCC_WARN_UNUSED_FUNCTION = YES;
				GCC_WARN_UNUSED_VARIABLE = YES;
				IPHONEOS_DEPLOYMENT_TARGET = 8.0;
				MACOSX_DEPLOYMENT_TARGET = 10.9;
				MTL_ENABLE_DEBUG_INFO = NO;
				MTL_FAST_MATH = YES;
				SDKROOT = macosx;
				SWIFT_COMPILATION_MODE = wholemodule;
				SWIFT_OPTIMIZATION_LEVEL = "-O";
				TVOS_DEPLOYMENT_TARGET = 10.0;
				VERSIONING_SYSTEM = "apple-generic";
				VERSION_INFO_PREFIX = "";
				WATCHOS_DEPLOYMENT_TARGET = 3.0;
			};
			name = Release;
		};
		C418426F2216233800FC21A0 /* Debug */ = {
			isa = XCBuildConfiguration;
			buildSettings = {
				APPLICATION_EXTENSION_API_ONLY = YES;
				CLANG_ENABLE_MODULES = YES;
				CODE_SIGN_IDENTITY = "";
				CODE_SIGN_STYLE = Manual;
				DEFINES_MODULE = YES;
				DEVELOPMENT_TEAM = "";
				DYLIB_COMPATIBILITY_VERSION = 1;
				DYLIB_CURRENT_VERSION = 1;
				DYLIB_INSTALL_NAME_BASE = "@rpath";
				INFOPLIST_FILE = Beacon/Info.plist;
				INSTALL_PATH = "$(LOCAL_LIBRARY_DIR)/Frameworks";
				IPHONEOS_DEPLOYMENT_TARGET = 8.0;
				LD_RUNPATH_SEARCH_PATHS = (
					"$(inherited)",
					"@executable_path/Frameworks",
					"@loader_path/Frameworks",
				);
				PRODUCT_BUNDLE_IDENTIFIER = net.grype.SwiftBeacon;
				PRODUCT_NAME = Beacon;
				PROVISIONING_PROFILE_SPECIFIER = "";
				SDKROOT = iphoneos;
				SKIP_INSTALL = YES;
				SWIFT_OPTIMIZATION_LEVEL = "-Onone";
				SWIFT_VERSION = 4.2;
				TARGETED_DEVICE_FAMILY = "1,2";
			};
			name = Debug;
		};
		C41842702216233800FC21A0 /* Release */ = {
			isa = XCBuildConfiguration;
			buildSettings = {
				APPLICATION_EXTENSION_API_ONLY = YES;
				CLANG_ENABLE_MODULES = YES;
				CODE_SIGN_IDENTITY = "";
				CODE_SIGN_STYLE = Manual;
				DEFINES_MODULE = YES;
				DEVELOPMENT_TEAM = "";
				DYLIB_COMPATIBILITY_VERSION = 1;
				DYLIB_CURRENT_VERSION = 1;
				DYLIB_INSTALL_NAME_BASE = "@rpath";
				INFOPLIST_FILE = Beacon/Info.plist;
				INSTALL_PATH = "$(LOCAL_LIBRARY_DIR)/Frameworks";
				IPHONEOS_DEPLOYMENT_TARGET = 8.0;
				LD_RUNPATH_SEARCH_PATHS = (
					"$(inherited)",
					"@executable_path/Frameworks",
					"@loader_path/Frameworks",
				);
				PRODUCT_BUNDLE_IDENTIFIER = net.grype.SwiftBeacon;
				PRODUCT_NAME = Beacon;
				PROVISIONING_PROFILE_SPECIFIER = "";
				SDKROOT = iphoneos;
				SKIP_INSTALL = YES;
				SWIFT_VERSION = 4.2;
				TARGETED_DEVICE_FAMILY = "1,2";
				VALIDATE_PRODUCT = YES;
			};
			name = Release;
		};
		C41842722216233800FC21A0 /* Debug */ = {
			isa = XCBuildConfiguration;
			buildSettings = {
				ALWAYS_EMBED_SWIFT_STANDARD_LIBRARIES = YES;
				CODE_SIGN_IDENTITY = "";
				CODE_SIGN_STYLE = Manual;
				DEVELOPMENT_TEAM = "";
				INFOPLIST_FILE = "Beacon-Tests/Info.plist";
				IPHONEOS_DEPLOYMENT_TARGET = 12.1;
				LD_RUNPATH_SEARCH_PATHS = (
					"$(inherited)",
					"@executable_path/Frameworks",
					"@loader_path/Frameworks",
				);
				PRODUCT_BUNDLE_IDENTIFIER = "net.grype.SwiftBeacon-Tests";
				PRODUCT_NAME = "Beacon-Tests";
				SDKROOT = iphoneos;
				SWIFT_VERSION = 4.2;
				TARGETED_DEVICE_FAMILY = "1,2";
			};
			name = Debug;
		};
		C41842732216233800FC21A0 /* Release */ = {
			isa = XCBuildConfiguration;
			buildSettings = {
				ALWAYS_EMBED_SWIFT_STANDARD_LIBRARIES = YES;
				CODE_SIGN_IDENTITY = "";
				CODE_SIGN_STYLE = Manual;
				DEVELOPMENT_TEAM = "";
				INFOPLIST_FILE = "Beacon-Tests/Info.plist";
				IPHONEOS_DEPLOYMENT_TARGET = 12.1;
				LD_RUNPATH_SEARCH_PATHS = (
					"$(inherited)",
					"@executable_path/Frameworks",
					"@loader_path/Frameworks",
				);
				PRODUCT_BUNDLE_IDENTIFIER = "net.grype.SwiftBeacon-Tests";
				PRODUCT_NAME = "Beacon-Tests";
				SDKROOT = iphoneos;
				SWIFT_VERSION = 4.2;
				TARGETED_DEVICE_FAMILY = "1,2";
				VALIDATE_PRODUCT = YES;
			};
			name = Release;
		};
		C41842992216241600FC21A0 /* Debug */ = {
			isa = XCBuildConfiguration;
			buildSettings = {
				APPLICATION_EXTENSION_API_ONLY = YES;
				CLANG_ENABLE_MODULES = YES;
				CODE_SIGN_IDENTITY = "";
				CODE_SIGN_STYLE = Manual;
				DEFINES_MODULE = YES;
				DEVELOPMENT_TEAM = "";
				DYLIB_COMPATIBILITY_VERSION = 1;
				DYLIB_CURRENT_VERSION = 1;
				DYLIB_INSTALL_NAME_BASE = "@rpath";
				INFOPLIST_FILE = Beacon/Info.plist;
				INSTALL_PATH = "$(LOCAL_LIBRARY_DIR)/Frameworks";
				LD_RUNPATH_SEARCH_PATHS = (
					"$(inherited)",
					"@executable_path/Frameworks",
					"@loader_path/Frameworks",
				);
				PRODUCT_BUNDLE_IDENTIFIER = net.grype.SwiftBeacon;
				PRODUCT_NAME = Beacon;
				PROVISIONING_PROFILE_SPECIFIER = "";
				SDKROOT = appletvos;
				SKIP_INSTALL = YES;
				SWIFT_OPTIMIZATION_LEVEL = "-Onone";
				SWIFT_VERSION = 4.2;
				TARGETED_DEVICE_FAMILY = 3;
				TVOS_DEPLOYMENT_TARGET = 9.0;
			};
			name = Debug;
		};
		C418429A2216241600FC21A0 /* Release */ = {
			isa = XCBuildConfiguration;
			buildSettings = {
				APPLICATION_EXTENSION_API_ONLY = YES;
				CLANG_ENABLE_MODULES = YES;
				CODE_SIGN_IDENTITY = "";
				CODE_SIGN_STYLE = Manual;
				DEFINES_MODULE = YES;
				DEVELOPMENT_TEAM = "";
				DYLIB_COMPATIBILITY_VERSION = 1;
				DYLIB_CURRENT_VERSION = 1;
				DYLIB_INSTALL_NAME_BASE = "@rpath";
				INFOPLIST_FILE = Beacon/Info.plist;
				INSTALL_PATH = "$(LOCAL_LIBRARY_DIR)/Frameworks";
				LD_RUNPATH_SEARCH_PATHS = (
					"$(inherited)",
					"@executable_path/Frameworks",
					"@loader_path/Frameworks",
				);
				PRODUCT_BUNDLE_IDENTIFIER = net.grype.SwiftBeacon;
				PRODUCT_NAME = Beacon;
				PROVISIONING_PROFILE_SPECIFIER = "";
				SDKROOT = appletvos;
				SKIP_INSTALL = YES;
				SWIFT_VERSION = 4.2;
				TARGETED_DEVICE_FAMILY = 3;
				TVOS_DEPLOYMENT_TARGET = 9.0;
				VALIDATE_PRODUCT = YES;
			};
			name = Release;
		};
		C418429C2216241600FC21A0 /* Debug */ = {
			isa = XCBuildConfiguration;
			buildSettings = {
				ALWAYS_EMBED_SWIFT_STANDARD_LIBRARIES = YES;
				CODE_SIGN_IDENTITY = "";
				CODE_SIGN_STYLE = Manual;
				DEVELOPMENT_TEAM = "";
				INFOPLIST_FILE = "Beacon-Tests/Info.plist";
				LD_RUNPATH_SEARCH_PATHS = (
					"$(inherited)",
					"@executable_path/Frameworks",
					"@loader_path/Frameworks",
				);
				PRODUCT_BUNDLE_IDENTIFIER = "net.grype.SwiftBeacon-Tests";
				PRODUCT_NAME = "Beacon-Tests";
				PROVISIONING_PROFILE_SPECIFIER = "";
				SDKROOT = appletvos;
				SWIFT_VERSION = 4.2;
				TARGETED_DEVICE_FAMILY = 3;
				TVOS_DEPLOYMENT_TARGET = 12.1;
			};
			name = Debug;
		};
		C418429D2216241600FC21A0 /* Release */ = {
			isa = XCBuildConfiguration;
			buildSettings = {
				ALWAYS_EMBED_SWIFT_STANDARD_LIBRARIES = YES;
				CODE_SIGN_IDENTITY = "";
				CODE_SIGN_STYLE = Manual;
				DEVELOPMENT_TEAM = "";
				INFOPLIST_FILE = "Beacon-Tests/Info.plist";
				LD_RUNPATH_SEARCH_PATHS = (
					"$(inherited)",
					"@executable_path/Frameworks",
					"@loader_path/Frameworks",
				);
				PRODUCT_BUNDLE_IDENTIFIER = "net.grype.SwiftBeacon-Tests";
				PRODUCT_NAME = "Beacon-Tests";
				PROVISIONING_PROFILE_SPECIFIER = "";
				SDKROOT = appletvos;
				SWIFT_VERSION = 4.2;
				TARGETED_DEVICE_FAMILY = 3;
				TVOS_DEPLOYMENT_TARGET = 12.1;
				VALIDATE_PRODUCT = YES;
			};
			name = Release;
		};
		C41843002216255700FC21A0 /* Debug */ = {
			isa = XCBuildConfiguration;
			buildSettings = {
				APPLICATION_EXTENSION_API_ONLY = YES;
				CLANG_ENABLE_MODULES = YES;
				CODE_SIGN_IDENTITY = "";
				CODE_SIGN_STYLE = Manual;
				COMBINE_HIDPI_IMAGES = YES;
				DEFINES_MODULE = YES;
				DEVELOPMENT_TEAM = "";
				DYLIB_COMPATIBILITY_VERSION = 1;
				DYLIB_CURRENT_VERSION = 1;
				DYLIB_INSTALL_NAME_BASE = "@rpath";
				FRAMEWORK_VERSION = A;
				INFOPLIST_FILE = Beacon/Info.plist;
				INSTALL_PATH = "$(LOCAL_LIBRARY_DIR)/Frameworks";
				LD_RUNPATH_SEARCH_PATHS = (
					"$(inherited)",
					"@executable_path/../Frameworks",
					"@loader_path/Frameworks",
				);
				MACOSX_DEPLOYMENT_TARGET = 10.9;
				PRODUCT_BUNDLE_IDENTIFIER = net.grype.SwiftBeacon;
				PRODUCT_NAME = Beacon;
				SKIP_INSTALL = YES;
				SWIFT_OPTIMIZATION_LEVEL = "-Onone";
				SWIFT_VERSION = 4.2;
			};
			name = Debug;
		};
		C41843012216255700FC21A0 /* Release */ = {
			isa = XCBuildConfiguration;
			buildSettings = {
				APPLICATION_EXTENSION_API_ONLY = YES;
				CLANG_ENABLE_MODULES = YES;
				CODE_SIGN_IDENTITY = "";
				CODE_SIGN_STYLE = Manual;
				COMBINE_HIDPI_IMAGES = YES;
				DEFINES_MODULE = YES;
				DEVELOPMENT_TEAM = "";
				DYLIB_COMPATIBILITY_VERSION = 1;
				DYLIB_CURRENT_VERSION = 1;
				DYLIB_INSTALL_NAME_BASE = "@rpath";
				FRAMEWORK_VERSION = A;
				INFOPLIST_FILE = Beacon/Info.plist;
				INSTALL_PATH = "$(LOCAL_LIBRARY_DIR)/Frameworks";
				LD_RUNPATH_SEARCH_PATHS = (
					"$(inherited)",
					"@executable_path/../Frameworks",
					"@loader_path/Frameworks",
				);
				MACOSX_DEPLOYMENT_TARGET = 10.9;
				PRODUCT_BUNDLE_IDENTIFIER = net.grype.SwiftBeacon;
				PRODUCT_NAME = Beacon;
				SKIP_INSTALL = YES;
				SWIFT_VERSION = 4.2;
			};
			name = Release;
		};
		C41843032216255700FC21A0 /* Debug */ = {
			isa = XCBuildConfiguration;
			buildSettings = {
				ALWAYS_EMBED_SWIFT_STANDARD_LIBRARIES = YES;
				CODE_SIGN_IDENTITY = "";
				CODE_SIGN_STYLE = Manual;
				COMBINE_HIDPI_IMAGES = YES;
				DEVELOPMENT_TEAM = "";
				INFOPLIST_FILE = "Beacon-Tests/Info.plist";
				LD_RUNPATH_SEARCH_PATHS = (
					"$(inherited)",
					"@executable_path/../Frameworks",
					"@loader_path/../Frameworks",
				);
				MACOSX_DEPLOYMENT_TARGET = 10.14;
				PRODUCT_BUNDLE_IDENTIFIER = "net.grype.SwiftBeacon-Tests";
				PRODUCT_NAME = "Beacon-Tests";
				SWIFT_VERSION = 4.2;
			};
			name = Debug;
		};
		C41843042216255700FC21A0 /* Release */ = {
			isa = XCBuildConfiguration;
			buildSettings = {
				ALWAYS_EMBED_SWIFT_STANDARD_LIBRARIES = YES;
				CODE_SIGN_IDENTITY = "";
				CODE_SIGN_STYLE = Manual;
				COMBINE_HIDPI_IMAGES = YES;
				DEVELOPMENT_TEAM = "";
				INFOPLIST_FILE = "Beacon-Tests/Info.plist";
				LD_RUNPATH_SEARCH_PATHS = (
					"$(inherited)",
					"@executable_path/../Frameworks",
					"@loader_path/../Frameworks",
				);
				MACOSX_DEPLOYMENT_TARGET = 10.14;
				PRODUCT_BUNDLE_IDENTIFIER = "net.grype.SwiftBeacon-Tests";
				PRODUCT_NAME = "Beacon-Tests";
				SWIFT_VERSION = 4.2;
			};
			name = Release;
		};
		C41843102216258000FC21A0 /* Debug */ = {
			isa = XCBuildConfiguration;
			buildSettings = {
				APPLICATION_EXTENSION_API_ONLY = YES;
				CLANG_ENABLE_MODULES = YES;
				CODE_SIGN_IDENTITY = "";
				CODE_SIGN_STYLE = Manual;
				DEFINES_MODULE = YES;
				DEVELOPMENT_TEAM = "";
				DYLIB_COMPATIBILITY_VERSION = 1;
				DYLIB_CURRENT_VERSION = 1;
				DYLIB_INSTALL_NAME_BASE = "@rpath";
				INFOPLIST_FILE = Beacon/Info.plist;
				INSTALL_PATH = "$(LOCAL_LIBRARY_DIR)/Frameworks";
				LD_RUNPATH_SEARCH_PATHS = (
					"$(inherited)",
					"@executable_path/Frameworks",
					"@loader_path/Frameworks",
				);
				PRODUCT_BUNDLE_IDENTIFIER = net.grype.SwiftBeacon;
				PRODUCT_NAME = Beacon;
				SDKROOT = watchos;
				SKIP_INSTALL = YES;
				SWIFT_OPTIMIZATION_LEVEL = "-Onone";
				SWIFT_VERSION = 4.2;
				TARGETED_DEVICE_FAMILY = 4;
				WATCHOS_DEPLOYMENT_TARGET = 2.0;
			};
			name = Debug;
		};
		C41843112216258000FC21A0 /* Release */ = {
			isa = XCBuildConfiguration;
			buildSettings = {
				APPLICATION_EXTENSION_API_ONLY = YES;
				CLANG_ENABLE_MODULES = YES;
				CODE_SIGN_IDENTITY = "";
				CODE_SIGN_STYLE = Manual;
				DEFINES_MODULE = YES;
				DEVELOPMENT_TEAM = "";
				DYLIB_COMPATIBILITY_VERSION = 1;
				DYLIB_CURRENT_VERSION = 1;
				DYLIB_INSTALL_NAME_BASE = "@rpath";
				INFOPLIST_FILE = Beacon/Info.plist;
				INSTALL_PATH = "$(LOCAL_LIBRARY_DIR)/Frameworks";
				LD_RUNPATH_SEARCH_PATHS = (
					"$(inherited)",
					"@executable_path/Frameworks",
					"@loader_path/Frameworks",
				);
				PRODUCT_BUNDLE_IDENTIFIER = net.grype.SwiftBeacon;
				PRODUCT_NAME = Beacon;
				SDKROOT = watchos;
				SKIP_INSTALL = YES;
				SWIFT_VERSION = 4.2;
				TARGETED_DEVICE_FAMILY = 4;
				VALIDATE_PRODUCT = YES;
				WATCHOS_DEPLOYMENT_TARGET = 2.0;
			};
			name = Release;
		};
/* End XCBuildConfiguration section */

/* Begin XCConfigurationList section */
		C41841D32213EC3400FC21A0 /* Build configuration list for PBXProject "Beacon" */ = {
			isa = XCConfigurationList;
			buildConfigurations = (
				C41841EB2213EC3400FC21A0 /* Debug */,
				C41841EC2213EC3400FC21A0 /* Release */,
			);
			defaultConfigurationIsVisible = 0;
			defaultConfigurationName = Release;
		};
		C418426E2216233800FC21A0 /* Build configuration list for PBXNativeTarget "Beacon-iOS" */ = {
			isa = XCConfigurationList;
			buildConfigurations = (
				C418426F2216233800FC21A0 /* Debug */,
				C41842702216233800FC21A0 /* Release */,
			);
			defaultConfigurationIsVisible = 0;
			defaultConfigurationName = Release;
		};
		C41842712216233800FC21A0 /* Build configuration list for PBXNativeTarget "Beacon-iOSTests" */ = {
			isa = XCConfigurationList;
			buildConfigurations = (
				C41842722216233800FC21A0 /* Debug */,
				C41842732216233800FC21A0 /* Release */,
			);
			defaultConfigurationIsVisible = 0;
			defaultConfigurationName = Release;
		};
		C41842982216241600FC21A0 /* Build configuration list for PBXNativeTarget "Beacon-tvOS" */ = {
			isa = XCConfigurationList;
			buildConfigurations = (
				C41842992216241600FC21A0 /* Debug */,
				C418429A2216241600FC21A0 /* Release */,
			);
			defaultConfigurationIsVisible = 0;
			defaultConfigurationName = Release;
		};
		C418429B2216241600FC21A0 /* Build configuration list for PBXNativeTarget "Beacon-tvOSTests" */ = {
			isa = XCConfigurationList;
			buildConfigurations = (
				C418429C2216241600FC21A0 /* Debug */,
				C418429D2216241600FC21A0 /* Release */,
			);
			defaultConfigurationIsVisible = 0;
			defaultConfigurationName = Release;
		};
		C41842FF2216255700FC21A0 /* Build configuration list for PBXNativeTarget "Beacon-Mac" */ = {
			isa = XCConfigurationList;
			buildConfigurations = (
				C41843002216255700FC21A0 /* Debug */,
				C41843012216255700FC21A0 /* Release */,
			);
			defaultConfigurationIsVisible = 0;
			defaultConfigurationName = Release;
		};
		C41843022216255700FC21A0 /* Build configuration list for PBXNativeTarget "Beacon-MacTests" */ = {
			isa = XCConfigurationList;
			buildConfigurations = (
				C41843032216255700FC21A0 /* Debug */,
				C41843042216255700FC21A0 /* Release */,
			);
			defaultConfigurationIsVisible = 0;
			defaultConfigurationName = Release;
		};
		C418430F2216258000FC21A0 /* Build configuration list for PBXNativeTarget "Beacon-watchOS" */ = {
			isa = XCConfigurationList;
			buildConfigurations = (
				C41843102216258000FC21A0 /* Debug */,
				C41843112216258000FC21A0 /* Release */,
			);
			defaultConfigurationIsVisible = 0;
			defaultConfigurationName = Release;
		};
/* End XCConfigurationList section */
	};
	rootObject = C41841D02213EC3400FC21A0 /* Project object */;
}
